
Microsoft Visual Studio Solution File, Format Version 12.00
# Visual Studio Version 16
VisualStudioVersion = 16.0.30711.63
MinimumVisualStudioVersion = 10.0.40219.1
Project("{9A19103F-16F7-4668-BE54-9A1E7A4F7556}") = "SentimentAnalysis", "SentimentAnalysis\SentimentAnalysis.csproj", "{23514818-0BAA-4E63-AB94-731ED3A8C7CC}"
EndProject
Project("{FAE04EC0-301F-11D3-BF4B-00C04F79EFBC}") = "NLPWebApi", "NLPWebApi\NLPWebApi.csproj", "{1FBCB64E-0797-4F9B-A7C1-26D1969A7ED1}"
EndProject
Global
	GlobalSection(SolutionConfigurationPlatforms) = preSolution
		Debug|Any CPU = Debug|Any CPU
		Release|Any CPU = Release|Any CPU
	EndGlobalSection
	GlobalSection(ProjectConfigurationPlatforms) = postSolution
		{23514818-0BAA-4E63-AB94-731ED3A8C7CC}.Debug|Any CPU.ActiveCfg = Debug|Any CPU
		{23514818-0BAA-4E63-AB94-731ED3A8C7CC}.Debug|Any CPU.Build.0 = Debug|Any CPU
		{23514818-0BAA-4E63-AB94-731ED3A8C7CC}.Release|Any CPU.ActiveCfg = Release|Any CPU
		{23514818-0BAA-4E63-AB94-731ED3A8C7CC}.Release|Any CPU.Build.0 = Release|Any CPU
		{1FBCB64E-0797-4F9B-A7C1-26D1969A7ED1}.Debug|Any CPU.ActiveCfg = Debug|Any CPU
		{1FBCB64E-0797-4F9B-A7C1-26D1969A7ED1}.Debug|Any CPU.Build.0 = Debug|Any CPU
		{1FBCB64E-0797-4F9B-A7C1-26D1969A7ED1}.Release|Any CPU.ActiveCfg = Release|Any CPU
		{1FBCB64E-0797-4F9B-A7C1-26D1969A7ED1}.Release|Any CPU.Build.0 = Release|Any CPU
	EndGlobalSection
	GlobalSection(SolutionProperties) = preSolution
		HideSolutionNode = FALSE
	EndGlobalSection
	GlobalSection(ExtensibilityGlobals) = postSolution
		SolutionGuid = {6BFE6759-F70E-495C-BDEB-43DF161446B1}
	EndGlobalSection
EndGlobal
